version = 1
revision = 3
requires-python = ">=3.10"

[[package]]
name = "flyin"
version = "0.1.0"
source = { virtual = "." }
dependencies = [
    { name = "mlx" },
    { name = "prettytable" },
    { name = "webcolors" },
]

[package.metadata]
requires-dist = [
    { name = "mlx", path = "mlx-2.2-py3-none-any.whl" },
    { name = "prettytable", specifier = ">=3.17.0" },
    { name = "webcolors", specifier = ">=25.10.0" },
]

[[package]]
name = "mlx"
version = "2.2"
source = { path = "mlx-2.2-py3-none-any.whl" }
wheels = [
    { filename = "mlx-2.2-py3-none-any.whl", hash = "sha256:9a72de34b6b7e3f34cbe47ab8abb10b374204e658c4b5ec1c77de914db3b56cd" },
]

[[package]]
name = "prettytable"
version = "3.17.0"
source = { registry = "https://pypi.org/simple" }
dependencies = [
    { name = "wcwidth" },
]
sdist = { url = "https://files.pythonhosted.org/packages/79/45/b0847d88d6cfeb4413566738c8bbf1e1995fad3d42515327ff32cc1eb578/prettytable-3.17.0.tar.gz", hash = "sha256:59f2590776527f3c9e8cf9fe7b66dd215837cca96a9c39567414cbc632e8ddb0", size = 67892, upload-time = "2025-11-14T17:33:20.212Z" }
wheels = [
    { url = "https://files.pythonhosted.org/packages/ee/8c/83087ebc47ab0396ce092363001fa37c17153119ee282700c0713a195853/prettytable-3.17.0-py3-none-any.whl", hash = "sha256:aad69b294ddbe3e1f95ef8886a060ed1666a0b83018bbf56295f6f226c43d287", size = 34433, upload-time = "2025-11-14T17:33:19.093Z" },
]

[[package]]
name = "wcwidth"
version = "0.5.3"
source = { registry = "https://pypi.org/simple" }
sdist = { url = "https://files.pythonhosted.org/packages/c2/62/a7c072fbfefb2980a00f99ca994279cb9ecf310cb2e6b2a4d2a28fe192b3/wcwidth-0.5.3.tar.gz", hash = "sha256:53123b7af053c74e9fe2e92ac810301f6139e64379031f7124574212fb3b4091", size = 157587, upload-time = "2026-01-31T03:52:10.92Z" }
wheels = [
    { url = "https://files.pythonhosted.org/packages/3c/c1/d73f12f8cdb1891334a2ccf7389eed244d3941e74d80dd220badb937f3fb/wcwidth-0.5.3-py3-none-any.whl", hash = "sha256:d584eff31cd4753e1e5ff6c12e1edfdb324c995713f75d26c29807bb84bf649e", size = 92981, upload-time = "2026-01-31T03:52:09.14Z" },
]

[[package]]
name = "webcolors"
version = "25.10.0"
source = { registry = "https://pypi.org/simple" }
sdist = { url = "https://files.pythonhosted.org/packages/1d/7a/eb316761ec35664ea5174709a68bbd3389de60d4a1ebab8808bfc264ed67/webcolors-25.10.0.tar.gz", hash = "sha256:62abae86504f66d0f6364c2a8520de4a0c47b80c03fc3a5f1815fedbef7c19bf", size = 53491, upload-time = "2025-10-31T07:51:03.977Z" }
wheels = [
    { url = "https://files.pythonhosted.org/packages/e2/cc/e097523dd85c9cf5d354f78310927f1656c422bd7b2613b2db3e3f9a0f2c/webcolors-25.10.0-py3-none-any.whl", hash = "sha256:032c727334856fc0b968f63daa252a1ac93d33db2f5267756623c210e57a4f1d", size = 14905, upload-time = "2025-10-31T07:51:01.778Z" },
]
